{
  "version": "5",
  "specifiers": {
    "npm:oxfmt@0.60": "0.60.0",
    "npm:oxfmt@0.61": "0.61.0",
    "npm:oxfmt@latest": "0.61.0",
    "npm:oxlint-tsgolint@^7.0.2001": "7.0.2001",
    "npm:oxlint-tsgolint@latest": "7.0.2001",
    "npm:oxlint@^1.75.0": "1.76.0_oxlint-tsgolint@7.0.2001",
    "npm:oxlint@^1.76.0": "1.76.0_oxlint-tsgolint@7.0.2001",
    "npm:oxlint@latest": "1.76.0_oxlint-tsgolint@7.0.2001"
  },
  "npm": {
    "@oxfmt/binding-android-arm-eabi@0.60.0": {
      "integrity": "sha512-1q4q4Jc8FlOMVojEisyFAVyl8h1yawNv6phjgmhGVEDeyeOdsSnSr9x0+D4mOnEKvpO5L4mxKZ/DP9X6U3A/Mw==",
      "os": ["android"],
      "cpu": ["arm"]
    },
    "@oxfmt/binding-android-arm-eabi@0.61.0": {
      "integrity": "sha512-BaS+1OVvg9sr+Xav0+KdWedQRcAzrdoEcwMZeqoc2F6ieC1s/t5eM35YQoRPQ7vAqkZ+p3tbQb1r9I9mrV5oGA==",
      "os": ["android"],
      "cpu": ["arm"]
    },
    "@oxfmt/binding-android-arm64@0.60.0": {
      "integrity": "sha512-tD41I6nCt9k8SQXft0CSjjU9jg6SwG7uMu7PxodSEHXl+GDW0868oy6tTtoJkyUze8YKFgTpz/k5LuPUnFiGLw==",
      "os": ["android"],
      "cpu": ["arm64"]
    },
    "@oxfmt/binding-android-arm64@0.61.0": {
      "integrity": "sha512-of8atAV0M1egGcVOMbgZCvc10sFOP3ayQBNQV5h5G3fNq8gACdEswfFk9bzGrdbM23rtg0Coxi7np7oPLcueNw==",
      "os": ["android"],
      "cpu": ["arm64"]
    },
    "@oxfmt/binding-darwin-arm64@0.60.0": {
      "integrity": "sha512-TTpzPug96Zxdyb46KvTyIUQDdsqbumXh2TKG9C23PCT0kF7JkW56Z/quPuG9rqOFKQIi1gpRNZ7DX18LwxXPnw==",
      "os": ["darwin"],
      "cpu": ["arm64"]
    },
    "@oxfmt/binding-darwin-arm64@0.61.0": {
      "integrity": "sha512-7l8+5ov4BGwtAcmpzvEik/TG3bciwyw/S3e6j5GKH7pcQqcgCVxD3AuJeP6upto+SOTBKQ4wrrdbMt0gq8fHSQ==",
      "os": ["darwin"],
      "cpu": ["arm64"]
    },
    "@oxfmt/binding-darwin-x64@0.60.0": {
      "integrity": "sha512-CnOoWgQ7L+JL/YQaRJ+NyATciSfcftncm7y3kqyte1cGtFEGnStaCd1TAyrinkfQ7nRBfHrTs1/vTwUJr3WF2Q==",
      "os": ["darwin"],
      "cpu": ["x64"]
    },
    "@oxfmt/binding-darwin-x64@0.61.0": {
      "integrity": "sha512-Fnz4dDDXBb7udk+DmwelNjxbD6yptyxwCqwCH2ebo4RVLxVsRfFsn/AHJC49KIltPrVokamGv4SSOsiV50DTxQ==",
      "os": ["darwin"],
      "cpu": ["x64"]
    },
    "@oxfmt/binding-freebsd-x64@0.60.0": {
      "integrity": "sha512-ychJo7S3hZxdO6eDZ9zM6F2lM9fpJS3EKS5CAUSWyprdLYxTu4gbaUKV/VBPTcMJwQa2Bpo+643y3OJ537pihA==",
      "os": ["freebsd"],
      "cpu": ["x64"]
    },
    "@oxfmt/binding-freebsd-x64@0.61.0": {
      "integrity": "sha512-mddOebKNCP+AucmzfNsk3jgbr681qAUvgMqi865GW5gWLJ/AnzXbvjQRrny0e++NAN8aphav/aRSrfFxNsNjpA==",
      "os": ["freebsd"],
      "cpu": ["x64"]
    },
    "@oxfmt/binding-linux-arm-gnueabihf@0.60.0": {
      "integrity": "sha512-36IH5o55T2Fx7E0feDttt+mifxN6yk9pWv4KfhAIsP0dFnUq27331OwbpOsZdoXF9soOLWm7mQUz5+UUmyec4g==",
      "os": ["linux"],
      "cpu": ["arm"]
    },
    "@oxfmt/binding-linux-arm-gnueabihf@0.61.0": {
      "integrity": "sha512-svx59iYL+DbaZGZUIoice4W0CjRXGExnbz7Re+awIb60rVxBS2KrU7Hnlx+nZYanLGLpjneUEgo/VFEKkSZAyQ==",
      "os": ["linux"],
      "cpu": ["arm"]
    },
    "@oxfmt/binding-linux-arm-musleabihf@0.60.0": {
      "integrity": "sha512-G1Ve7lAa6sFBolVI2LWHfEAqy0YKh4vnioH8uYO9kAEdgM7mR40IksIx9/Zk4+vbYew/sGa4J9Q4tZ3n9gXDHA==",
      "os": ["linux"],
      "cpu": ["arm"]
    },
    "@oxfmt/binding-linux-arm-musleabihf@0.61.0": {
      "integrity": "sha512-BYK9MPJPCf6d+fLKMTruThmEyCtHzQ1zLcsrTlUVkmnoXIaHAbfpeLYQwX1tkjs7W11dyzoi6HFvKcdnvX1zNg==",
      "os": ["linux"],
      "cpu": ["arm"]
    },
    "@oxfmt/binding-linux-arm64-gnu@0.60.0": {
      "integrity": "sha512-LTQdRBf6uzj/h7Xk6lKzbGD2hrF/fK4YI9LIN1c0509tPUn8wRa3mCmrFQpEWJPLYGFrLFFMTYW1Ljj6VqW2Hw==",
      "os": ["linux"],
      "cpu": ["arm64"]
    },
    "@oxfmt/binding-linux-arm64-gnu@0.61.0": {
      "integrity": "sha512-QUaCNLq2/EC6G5ljOuFanl9Lgw6ZWp4co7rs4+KOMUzbGfA4Lq58FHRjjF9sVIG+93XSbo343MxFATrOU1qctA==",
      "os": ["linux"],
      "cpu": ["arm64"]
    },
    "@oxfmt/binding-linux-arm64-musl@0.60.0": {
      "integrity": "sha512-2JMo3XPxMPx3hiqddSZYyaH+fKJm6cz0u8n1naYjP/CdOQOZW34i8lKBUfmbWiuFvd6KoYXLmhAyBuvojsYS7Q==",
      "os": ["linux"],
      "cpu": ["arm64"]
    },
    "@oxfmt/binding-linux-arm64-musl@0.61.0": {
      "integrity": "sha512-S6uvJ6MXnRXl+zTs0CARNDvkE+cymj0EVWEKKsyKnlLlqTyQJBjw5s4D2pSIOZc+S46cy4STefzcr/sm0VzVPA==",
      "os": ["linux"],
      "cpu": ["arm64"]
    },
    "@oxfmt/binding-linux-ppc64-gnu@0.60.0": {
      "integrity": "sha512-L3C+nBD13lr306tr/PjM3RMll+BVqgFrIgUyoeHuai5oueJrRLgO3j+GO5/Cbhtkf5PSlHYTI1JY7iqBd1qa6A==",
      "os": ["linux"],
      "cpu": ["ppc64"]
    },
    "@oxfmt/binding-linux-ppc64-gnu@0.61.0": {
      "integrity": "sha512-6VDlRcytvZG6UlSIdAFKDLbppo9tvPxrWzle6vHldYFMeuDPQEfMKrkwezp7FaBq1wik9ra554ZZeRPsyIkFpg==",
      "os": ["linux"],
      "cpu": ["ppc64"]
    },
    "@oxfmt/binding-linux-riscv64-gnu@0.60.0": {
      "integrity": "sha512-M4MsmvqlxFiPtSRGyBYQSZxchEf463AOyd+Dh4/9xDpjWBsRtDUTDMFN5EdHinjVK1/eDJQ8MLpcYjpYayaCnA==",
      "os": ["linux"],
      "cpu": ["riscv64"]
    },
    "@oxfmt/binding-linux-riscv64-gnu@0.61.0": {
      "integrity": "sha512-KkBTYbzExpbmn15XjKPLu2fRV2PVlq+KWt+brad5rwIa03vdYoaDRWiS7raHII/dCTR6Ro4UpYUCH4t6lif4WQ==",
      "os": ["linux"],
      "cpu": ["riscv64"]
    },
    "@oxfmt/binding-linux-riscv64-musl@0.60.0": {
      "integrity": "sha512-OH+9UskYuxRB+GxqdGkVN8f5UpwhqG8YscNo1wl8+KJ62cd7wZdGga6iGLJIf8kibF1WBwvlfDUx3cez/VXwFg==",
      "os": ["linux"],
      "cpu": ["riscv64"]
    },
    "@oxfmt/binding-linux-riscv64-musl@0.61.0": {
      "integrity": "sha512-69tzIq7sJLVB9dxYYtvMzcSSsnZHSO+U2U19O2RqDqgj6+Q4O7HjSXdaszbcgqzhsUwzSH7z5kWvk8nmf6BHTg==",
      "os": ["linux"],
      "cpu": ["riscv64"]
    },
    "@oxfmt/binding-linux-s390x-gnu@0.60.0": {
      "integrity": "sha512-y7AAFutt9wFWBFOAn6+BHaV39usZmcr3YYH2385f+NHgPNpIF9HpqKp0jgUxPaUOCyG3oaX5VhJduL1Nw164rw==",
      "os": ["linux"],
      "cpu": ["s390x"]
    },
    "@oxfmt/binding-linux-s390x-gnu@0.61.0": {
      "integrity": "sha512-Oqi/N0OvtOVXsPKAOOhKgGH3msRYF8BLJaNBbWiupRiKoKVyc8JRKPCfarkQJC+RgP9U8raUKLe+bNwd0HUMiA==",
      "os": ["linux"],
      "cpu": ["s390x"]
    },
    "@oxfmt/binding-linux-x64-gnu@0.60.0": {
      "integrity": "sha512-yKZ9+CXAI+1RO5nH/4Z/9M6DAsfOzd5bw/gtWk81KB4mpalMaRRSXfouc5/tHxazDmBek55HNPepNYBgaCew0Q==",
      "os": ["linux"],
      "cpu": ["x64"]
    },
    "@oxfmt/binding-linux-x64-gnu@0.61.0": {
      "integrity": "sha512-3TKwv/ed4uwJSemAA8P9XcoqETpjQI4waquF9UilhA9Mn/dhr1PdUEXWlL74mtc6ZNfmKPA9+NEJm01nRF8CVA==",
      "os": ["linux"],
      "cpu": ["x64"]
    },
    "@oxfmt/binding-linux-x64-musl@0.60.0": {
      "integrity": "sha512-bCUGaF6hJOYnQzLJdHLZbvGsOd5oSvGAyJhPAKum2uyLYUuXmP8vqg690DWi2hqcnIoYpqSqCrjzE5aiUAgwQg==",
      "os": ["linux"],
      "cpu": ["x64"]
    },
    "@oxfmt/binding-linux-x64-musl@0.61.0": {
      "integrity": "sha512-uFso4u4nLkVSlMCpgjyvWV60Gt7GvDQHnk1mmRxHIkZTMB0ljpUKwCD9FYGgN9H97x2wYl0UwEjgRZaPIuhEhw==",
      "os": ["linux"],
      "cpu": ["x64"]
    },
    "@oxfmt/binding-openharmony-arm64@0.60.0": {
      "integrity": "sha512-GrUeZOvzP30ExxfCuQiyofuUGI+OmvAgFwOO5w5p9mGPlxcyuqI+6Sy9fAKFFfLQrqKYWFgc5sYA2Unj/29nPg==",
      "os": ["openharmony"],
      "cpu": ["arm64"]
    },
    "@oxfmt/binding-openharmony-arm64@0.61.0": {
      "integrity": "sha512-keGLkzeOvkMpNmPp4hffXWpfoSsY6e1K8++KXD4mSSfxdvM8q9QUDsYY689TB1k6Co832DZn1MnaaVx6cIBMWQ==",
      "os": ["openharmony"],
      "cpu": ["arm64"]
    },
    "@oxfmt/binding-win32-arm64-msvc@0.60.0": {
      "integrity": "sha512-WD4Q954kUl2TDJV/6q7UnE2rlKk047kXLJsr4bJ2mXRaAqNXcmV3nwKUsGCc3mz/jYDBnXtJEaBErJEybK8iQQ==",
      "os": ["win32"],
      "cpu": ["arm64"]
    },
    "@oxfmt/binding-win32-arm64-msvc@0.61.0": {
      "integrity": "sha512-VzsAISkFxmNhJ5LBDEL9VuH6tJsVJMtqYit2LyIUf/HLnsCe4Pg9SMOjjVQzGWt0bnpyfJ94CrqTqcpNZzK+ug==",
      "os": ["win32"],
      "cpu": ["arm64"]
    },
    "@oxfmt/binding-win32-ia32-msvc@0.60.0": {
      "integrity": "sha512-HqDekjr8JXzVDUP1YthDZ1Y3CBEcuZT4WX3B+1kaxj8CvZA8Y2YhcEsXqoSop3tVsgjACxjnFQFDkBo0r/jq1Q==",
      "os": ["win32"],
      "cpu": ["ia32"]
    },
    "@oxfmt/binding-win32-ia32-msvc@0.61.0": {
      "integrity": "sha512-xv4t7yzwJoYaLB6Zv28B3W+j7brEjsyv50rLTAQgmxJzddce9fAMCxed8dSAkbWES0zz2J29nYK5FaTuD2YBHg==",
      "os": ["win32"],
      "cpu": ["ia32"]
    },
    "@oxfmt/binding-win32-x64-msvc@0.60.0": {
      "integrity": "sha512-tz78yhmGPKboTMHCHSaUqXK8JrmoSejgDcWeqAtg2s07ZGKQ3rH5Jn8NuXPGNG33CDbY2e9NoQWXIVEmKO21Rw==",
      "os": ["win32"],
      "cpu": ["x64"]
    },
    "@oxfmt/binding-win32-x64-msvc@0.61.0": {
      "integrity": "sha512-6EZXFkqOwxdDYjIn3TSNnPk3ST5E5GiYd4FiM6UF/mCL/LZSfr6D6UygTfW3R1PCQP2quCKpCEGRlij8E3VYbg==",
      "os": ["win32"],
      "cpu": ["x64"]
    },
    "@oxlint-tsgolint/darwin-arm64@7.0.2001": {
      "integrity": "sha512-CUJEdbSZ54+Xy9OXqOhWLTKZKV0BBiV7C2i/ygyVmXtkUNXx5YCzN8DpSSshTAKktoL7S+tnQ/ftFG/i7X896w==",
      "os": ["darwin"],
      "cpu": ["arm64"]
    },
    "@oxlint-tsgolint/darwin-x64@7.0.2001": {
      "integrity": "sha512-pXfBb5BqONCcgrXQNUZWXgiYmRSWJzd97S8i41VVOh6ut0tyo+cJ5FKFpczDHxiVNfj/3e7c9B4MtztNdpIVCw==",
      "os": ["darwin"],
      "cpu": ["x64"]
    },
    "@oxlint-tsgolint/linux-arm64@7.0.2001": {
      "integrity": "sha512-roP7zujb/QDPzDwEKsFFpzNHHy91/Y7oX9vQXk78ekyZtcQj1QXDIMH33gjDdHBfRl4K9pZ36xhRgrP4Zr+R8A==",
      "os": ["linux"],
      "cpu": ["arm64"]
    },
    "@oxlint-tsgolint/linux-x64@7.0.2001": {
      "integrity": "sha512-UDezNqdECVmngu2TPnjaS1YoAmcTaBoI5lV9vk3VahBxoi+I5r9k3iJTT7qZoYWOXTD/7T7bNcwRgrocR6BscQ==",
      "os": ["linux"],
      "cpu": ["x64"]
    },
    "@oxlint-tsgolint/win32-arm64@7.0.2001": {
      "integrity": "sha512-uJZhqB6pdXLuN+AD1F5082byyQti/NPmJA77GtcFlmT2HzRelqbNls3SaIqxpjdFgvSBF9g0yOKGBkGFg7kX8Q==",
      "os": ["win32"],
      "cpu": ["arm64"]
    },
    "@oxlint-tsgolint/win32-x64@7.0.2001": {
      "integrity": "sha512-FkDRm8hx9OwzGQqyWG1tO5QrTLRApff9DzSgpz9QZau37BR8d1VYKOxMLGf6shPZntJFoTwIIJYT68VndYDCog==",
      "os": ["win32"],
      "cpu": ["x64"]
    },
    "@oxlint/binding-android-arm-eabi@1.76.0": {
      "integrity": "sha512-ZHIE5Zt9AsPDcY4nOlofXt0YfneEeo+QrKMPcPzLf2Z6Q8VtV2W73d7SFJ920WUwyik783u/doKCs3KXdwG+7w==",
      "os": ["android"],
      "cpu": ["arm"]
    },
    "@oxlint/binding-android-arm64@1.76.0": {
      "integrity": "sha512-shm/ngQilHK6bs+ElJWa4oHfNj5vL1Gl/iVEJldTQjpr0/67oSgr0KUpbmcnLig5Fo0v/l6j2567A7TOL89ONA==",
      "os": ["android"],
      "cpu": ["arm64"]
    },
    "@oxlint/binding-darwin-arm64@1.76.0": {
      "integrity": "sha512-rvJmrAPKSQ9aWJ6wIS6CK2tJjwzfW0ApQH9qokq6sfDvmHwoyIHxHFMq7z7i7GiV6fdE6s8qvBqWKPTu8RmT6Q==",
      "os": ["darwin"],
      "cpu": ["arm64"]
    },
    "@oxlint/binding-darwin-x64@1.76.0": {
      "integrity": "sha512-U/zYdb7VYKGY6pA9Vd2rYl9O/HlCylcOlb5PGPvVLtg+oLGsk6H3XGKEMHKyqD3nmmtmlmwb/8SwU2vfSAtvMw==",
      "os": ["darwin"],
      "cpu": ["x64"]
    },
    "@oxlint/binding-freebsd-x64@1.76.0": {
      "integrity": "sha512-WvKG9CAriuo0XNiFzpXjDngUZcRGFNpaK2kLyMUsnJlShxkT96u+BpJQ3KqdQwGOrvI14L6V8bAwXwAYNNY6Jg==",
      "os": ["freebsd"],
      "cpu": ["x64"]
    },
    "@oxlint/binding-linux-arm-gnueabihf@1.76.0": {
      "integrity": "sha512-qJ5+RH99TqFRq3UCDxkW0zJJu9c+OAHFY72vGlxZLEpuO+MpKo3POgqb8sYipL9KYm8XY6ofb0HsOuvY6hQNqQ==",
      "os": ["linux"],
      "cpu": ["arm"]
    },
    "@oxlint/binding-linux-arm-musleabihf@1.76.0": {
      "integrity": "sha512-PvPCVptkgVARsucgIqFQQcSmJ6xc6GtnVB5bRBekRahTc9eObMtjHfMjy5M+C2tHt5UCMttWM9RuSk/H9NqYeg==",
      "os": ["linux"],
      "cpu": ["arm"]
    },
    "@oxlint/binding-linux-arm64-gnu@1.76.0": {
      "integrity": "sha512-3KeFDx8Bu4HPAXbuHZOr/oHvN+QT+JQhMw/NYPz7Z071xLSsG27Jfh9PIQVEY7hk1I+jr43ExqRIeJ6VKk2yLw==",
      "os": ["linux"],
      "cpu": ["arm64"]
    },
    "@oxlint/binding-linux-arm64-musl@1.76.0": {
      "integrity": "sha512-oPFkkKTgl0K/EIg9fQ8oA3IGcI05/Mq1en04iFa41mmNPT+6KEiByVazTOZZJiHMBBrbsns1YJ2e1Scqwzesjw==",
      "os": ["linux"],
      "cpu": ["arm64"]
    },
    "@oxlint/binding-linux-ppc64-gnu@1.76.0": {
      "integrity": "sha512-gN7yZ0eqflA5Fhf1wvHxGUltIV3FsvmB1zhNMDEK9vSHhc7E6qg9CuPeBgPZab66Tjzq6w6kHAtNEvnTHf4cyw==",
      "os": ["linux"],
      "cpu": ["ppc64"]
    },
    "@oxlint/binding-linux-riscv64-gnu@1.76.0": {
      "integrity": "sha512-S/HqMbn22mQrjtErUxEoS/a55u8kIeXvreIxiJu5G7Le3UecEd6SQZxrDIpuhtgaFnsY/nVra3ytP+pRljDilA==",
      "os": ["linux"],
      "cpu": ["riscv64"]
    },
    "@oxlint/binding-linux-riscv64-musl@1.76.0": {
      "integrity": "sha512-ZIga3097VJZolGZk6SrIAUokIGfRkxRlhiHDUznZptGBfwrhD7pNfD1rzEzsCwvk/1DX0A1bLz+liuNh5QKIVQ==",
      "os": ["linux"],
      "cpu": ["riscv64"]
    },
    "@oxlint/binding-linux-s390x-gnu@1.76.0": {
      "integrity": "sha512-ZGiiA7pFzMJSyMWYZTVlPgbTsx+Vl8ihLGMIujPwaslUF7kIPPWAbVmAlTc+9lWDV+DCiB8Ikixu+lSHeOIIWQ==",
      "os": ["linux"],
      "cpu": ["s390x"]
    },
    "@oxlint/binding-linux-x64-gnu@1.76.0": {
      "integrity": "sha512-JLiy5WuvEBFTT6ErIFV35SLzi0R7Iri6MKU6dZbTxfIx8pndbbPs3Mj780nMipBFcPkti+okAPOJ9POKkHFEgg==",
      "os": ["linux"],
      "cpu": ["x64"]
    },
    "@oxlint/binding-linux-x64-musl@1.76.0": {
      "integrity": "sha512-z7lgKQtbo/I1NIe8G5NHLesxJDv0tRSUWTpXKb9Pm3E9nKFKfO4IOSDtFroKgXtOYb0jQbcdH+0wzTyMXVes+A==",
      "os": ["linux"],
      "cpu": ["x64"]
    },
    "@oxlint/binding-openharmony-arm64@1.76.0": {
      "integrity": "sha512-JOjKymIpb9QcYfEhZsN6h4V9Ivd474W38cNIBRv6bg2TbIvogbMTH0Mg6YWW9TiRDqfcX+/Hyfsbo5vcSE5guQ==",
      "os": ["openharmony"],
      "cpu": ["arm64"]
    },
    "@oxlint/binding-win32-arm64-msvc@1.76.0": {
      "integrity": "sha512-pqDWZiwcmByWUEm1NFUBNiT6aentCcaoMWJv0HbXEmuYermJ4sg8ppVrshubYP2MZ6SHccJJcpr6x469PuDFIw==",
      "os": ["win32"],
      "cpu": ["arm64"]
    },
    "@oxlint/binding-win32-ia32-msvc@1.76.0": {
      "integrity": "sha512-Ba0O659kgMv6pwO3z9PdO+K3aMxQRaw9HnG+e6AtOfgwcKFvYilciQYBoUBmxfQvOCKZe1SwjMkuB542NkuDMQ==",
      "os": ["win32"],
      "cpu": ["ia32"]
    },
    "@oxlint/binding-win32-x64-msvc@1.76.0": {
      "integrity": "sha512-5qcirPHO8nKfkoowEVWtpAoVTcYDy6g0UT0NGic450Qv8J2NrOqg4uQ8QppRP4MDTC7Xx47lbZnmadTH03CGGA==",
      "os": ["win32"],
      "cpu": ["x64"]
    },
    "oxfmt@0.60.0": {
      "integrity": "sha512-fViX6i+gJuZWY+jI/fnR6WRbRj70GZ9RlCd30MygJrHTUNc4DxvKHWw8vBjMjffv3PgU5qWDR0AzmojQByqaZA==",
      "dependencies": [
        "tinypool"
      ],
      "optionalDependencies": [
        "@oxfmt/binding-android-arm-eabi@0.60.0",
        "@oxfmt/binding-android-arm64@0.60.0",
        "@oxfmt/binding-darwin-arm64@0.60.0",
        "@oxfmt/binding-darwin-x64@0.60.0",
        "@oxfmt/binding-freebsd-x64@0.60.0",
        "@oxfmt/binding-linux-arm-gnueabihf@0.60.0",
        "@oxfmt/binding-linux-arm-musleabihf@0.60.0",
        "@oxfmt/binding-linux-arm64-gnu@0.60.0",
        "@oxfmt/binding-linux-arm64-musl@0.60.0",
        "@oxfmt/binding-linux-ppc64-gnu@0.60.0",
        "@oxfmt/binding-linux-riscv64-gnu@0.60.0",
        "@oxfmt/binding-linux-riscv64-musl@0.60.0",
        "@oxfmt/binding-linux-s390x-gnu@0.60.0",
        "@oxfmt/binding-linux-x64-gnu@0.60.0",
        "@oxfmt/binding-linux-x64-musl@0.60.0",
        "@oxfmt/binding-openharmony-arm64@0.60.0",
        "@oxfmt/binding-win32-arm64-msvc@0.60.0",
        "@oxfmt/binding-win32-ia32-msvc@0.60.0",
        "@oxfmt/binding-win32-x64-msvc@0.60.0"
      ],
      "bin": true
    },
    "oxfmt@0.61.0": {
      "integrity": "sha512-DxdHBEMYpcEnHoUHjjOigUqV2TYKsvxLwUPXnVYBjgFdqrcQ/91OtwubtZ2PUodCs3sStI8R5Qw3fKNGK4e8wQ==",
      "dependencies": [
        "tinypool"
      ],
      "optionalDependencies": [
        "@oxfmt/binding-android-arm-eabi@0.61.0",
        "@oxfmt/binding-android-arm64@0.61.0",
        "@oxfmt/binding-darwin-arm64@0.61.0",
        "@oxfmt/binding-darwin-x64@0.61.0",
        "@oxfmt/binding-freebsd-x64@0.61.0",
        "@oxfmt/binding-linux-arm-gnueabihf@0.61.0",
        "@oxfmt/binding-linux-arm-musleabihf@0.61.0",
        "@oxfmt/binding-linux-arm64-gnu@0.61.0",
        "@oxfmt/binding-linux-arm64-musl@0.61.0",
        "@oxfmt/binding-linux-ppc64-gnu@0.61.0",
        "@oxfmt/binding-linux-riscv64-gnu@0.61.0",
        "@oxfmt/binding-linux-riscv64-musl@0.61.0",
        "@oxfmt/binding-linux-s390x-gnu@0.61.0",
        "@oxfmt/binding-linux-x64-gnu@0.61.0",
        "@oxfmt/binding-linux-x64-musl@0.61.0",
        "@oxfmt/binding-openharmony-arm64@0.61.0",
        "@oxfmt/binding-win32-arm64-msvc@0.61.0",
        "@oxfmt/binding-win32-ia32-msvc@0.61.0",
        "@oxfmt/binding-win32-x64-msvc@0.61.0"
      ],
      "bin": true
    },
    "oxlint-tsgolint@7.0.2001": {
      "integrity": "sha512-KjK/XLcXr1DSyonKhsuFqJRiuKqcyG9j3LJ8nkOsrLzGvodBPqzHOKauy10asLMDI0sUpvb+1sxlzff3udZvfg==",
      "optionalDependencies": [
        "@oxlint-tsgolint/darwin-arm64",
        "@oxlint-tsgolint/darwin-x64",
        "@oxlint-tsgolint/linux-arm64",
        "@oxlint-tsgolint/linux-x64",
        "@oxlint-tsgolint/win32-arm64",
        "@oxlint-tsgolint/win32-x64"
      ],
      "bin": true
    },
    "oxlint@1.76.0_oxlint-tsgolint@7.0.2001": {
      "integrity": "sha512-6QoFioEU4fNdiUx/2Eo6TRd6NG7H7njnRCz8rhB66cZmMHDTqcm1Rjvl8Wry+ZTQMBAmyb4Mlf62Mk5X+eHSOw==",
      "dependencies": [
        "oxlint-tsgolint"
      ],
      "optionalDependencies": [
        "@oxlint/binding-android-arm-eabi",
        "@oxlint/binding-android-arm64",
        "@oxlint/binding-darwin-arm64",
        "@oxlint/binding-darwin-x64",
        "@oxlint/binding-freebsd-x64",
        "@oxlint/binding-linux-arm-gnueabihf",
        "@oxlint/binding-linux-arm-musleabihf",
        "@oxlint/binding-linux-arm64-gnu",
        "@oxlint/binding-linux-arm64-musl",
        "@oxlint/binding-linux-ppc64-gnu",
        "@oxlint/binding-linux-riscv64-gnu",
        "@oxlint/binding-linux-riscv64-musl",
        "@oxlint/binding-linux-s390x-gnu",
        "@oxlint/binding-linux-x64-gnu",
        "@oxlint/binding-linux-x64-musl",
        "@oxlint/binding-openharmony-arm64",
        "@oxlint/binding-win32-arm64-msvc",
        "@oxlint/binding-win32-ia32-msvc",
        "@oxlint/binding-win32-x64-msvc"
      ],
      "optionalPeers": [
        "oxlint-tsgolint"
      ],
      "bin": true
    },
    "tinypool@2.1.0": {
      "integrity": "sha512-Pugqs6M0m7Lv1I7FtxN4aoyToKg1C4tu+/381vH35y8oENM/Ai7f7C4StcoK4/+BSw9ebcS8jRiVrORFKCALLw=="
    }
  }
}
