version = 1
revision = 3
requires-python = ">=3.11"

[[package]]
name = "belgie"
version = "0.1.0"
source = { editable = "." }

[package.dev-dependencies]
dev = [
    { name = "ty" },
]

[package.metadata]

[package.metadata.requires-dev]
dev = [{ name = "ty", specifier = ">=0.0.1a27" }]

[[package]]
name = "ty"
version = "0.0.1a27"
source = { registry = "https://pypi.org/simple" }
sdist = { url = "https://files.pythonhosted.org/packages/8f/65/3592d7c73d80664378fc90d0a00c33449a99cbf13b984433c883815245f3/ty-0.0.1a27.tar.gz", hash = "sha256:d34fe04979f2c912700cbf0919e8f9b4eeaa10c4a2aff7450e5e4c90f998bc28", size = 4516059, upload-time = "2025-11-18T21:55:18.381Z" }
wheels = [
    { url = "https://files.pythonhosted.org/packages/e6/05/7945aa97356446fd53ed3ddc7ee02a88d8ad394217acd9428f472d6b109d/ty-0.0.1a27-py3-none-linux_armv6l.whl", hash = "sha256:3cbb735f5ecb3a7a5f5b82fb24da17912788c109086df4e97d454c8fb236fbc5", size = 9375047, upload-time = "2025-11-18T21:54:31.577Z" },
    { url = "https://files.pythonhosted.org/packages/69/4e/89b167a03de0e9ec329dc89bc02e8694768e4576337ef6c0699987681342/ty-0.0.1a27-py3-none-macosx_10_12_x86_64.whl", hash = "sha256:4a6367236dc456ba2416563301d498aef8c6f8959be88777ef7ba5ac1bf15f0b", size = 9169540, upload-time = "2025-11-18T21:54:34.036Z" },
    { url = "https://files.pythonhosted.org/packages/38/07/e62009ab9cc242e1becb2bd992097c80a133fce0d4f055fba6576150d08a/ty-0.0.1a27-py3-none-macosx_11_0_arm64.whl", hash = "sha256:8e93e231a1bcde964cdb062d2d5e549c24493fb1638eecae8fcc42b81e9463a4", size = 8711942, upload-time = "2025-11-18T21:54:36.3Z" },
    { url = "https://files.pythonhosted.org/packages/b5/43/f35716ec15406f13085db52e762a3cc663c651531a8124481d0ba602eca0/ty-0.0.1a27-py3-none-manylinux_2_17_aarch64.manylinux2014_aarch64.whl", hash = "sha256:c5b6a8166b60117da1179851a3d719cc798bf7e61f91b35d76242f0059e9ae1d", size = 8984208, upload-time = "2025-11-18T21:54:39.453Z" },
    { url = "https://files.pythonhosted.org/packages/2d/79/486a3374809523172379768de882c7a369861165802990177fe81489b85f/ty-0.0.1a27-py3-none-manylinux_2_17_armv7l.manylinux2014_armv7l.whl", hash = "sha256:bfbe8b0e831c072b79a078d6c126d7f4d48ca17f64a103de1b93aeda32265dc5", size = 9157209, upload-time = "2025-11-18T21:54:42.664Z" },
    { url = "https://files.pythonhosted.org/packages/ff/08/9a7c8efcb327197d7d347c548850ef4b54de1c254981b65e8cd0672dc327/ty-0.0.1a27-py3-none-manylinux_2_17_i686.manylinux2014_i686.whl", hash = "sha256:90e09678331552e7c25d7eb47868b0910dc5b9b212ae22c8ce71a52d6576ddbb", size = 9519207, upload-time = "2025-11-18T21:54:45.311Z" },
    { url = "https://files.pythonhosted.org/packages/e0/9d/7b4680683e83204b9edec551bb91c21c789ebc586b949c5218157ee474b7/ty-0.0.1a27-py3-none-manylinux_2_17_ppc64.manylinux2014_ppc64.whl", hash = "sha256:88c03e4beeca79d85a5618921e44b3a6ea957e0453e08b1cdd418b51da645939", size = 10148794, upload-time = "2025-11-18T21:54:48.329Z" },
    { url = "https://files.pythonhosted.org/packages/89/21/8b961b0ab00c28223f06b33222427a8e31aa04f39d1b236acc93021c626c/ty-0.0.1a27-py3-none-manylinux_2_17_ppc64le.manylinux2014_ppc64le.whl", hash = "sha256:3ece5811322789fefe22fc088ed36c5879489cd39e913f9c1ff2a7678f089c61", size = 9900563, upload-time = "2025-11-18T21:54:51.214Z" },
    { url = "https://files.pythonhosted.org/packages/85/eb/95e1f0b426c2ea8d443aa923fcab509059c467bbe64a15baaf573fea1203/ty-0.0.1a27-py3-none-manylinux_2_17_s390x.manylinux2014_s390x.whl", hash = "sha256:2f2ccb4f0fddcd6e2017c268dfce2489e9a36cb82a5900afe6425835248b1086", size = 9926355, upload-time = "2025-11-18T21:54:53.927Z" },
    { url = "https://files.pythonhosted.org/packages/f5/78/40e7f072049e63c414f2845df780be3a494d92198c87c2ffa65e63aecf3f/ty-0.0.1a27-py3-none-manylinux_2_17_x86_64.manylinux2014_x86_64.whl", hash = "sha256:33450528312e41d003e96a1647780b2783ab7569bbc29c04fc76f2d1908061e3", size = 9480580, upload-time = "2025-11-18T21:54:56.617Z" },
    { url = "https://files.pythonhosted.org/packages/18/da/f4a2dfedab39096808ddf7475f35ceb750d9a9da840bee4afd47b871742f/ty-0.0.1a27-py3-none-musllinux_1_2_aarch64.whl", hash = "sha256:a0a9ac635deaa2b15947701197ede40cdecd13f89f19351872d16f9ccd773fa1", size = 8957524, upload-time = "2025-11-18T21:54:59.085Z" },
    { url = "https://files.pythonhosted.org/packages/21/ea/26fee9a20cf77a157316fd3ab9c6db8ad5a0b20b2d38a43f3452622587ac/ty-0.0.1a27-py3-none-musllinux_1_2_armv7l.whl", hash = "sha256:797fb2cd49b6b9b3ac9f2f0e401fb02d3aa155badc05a8591d048d38d28f1e0c", size = 9201098, upload-time = "2025-11-18T21:55:01.845Z" },
    { url = "https://files.pythonhosted.org/packages/b0/53/e14591d1275108c9ae28f97ac5d4b93adcc2c8a4b1b9a880dfa9d07c15f8/ty-0.0.1a27-py3-none-musllinux_1_2_i686.whl", hash = "sha256:7fe81679a0941f85e98187d444604e24b15bde0a85874957c945751756314d03", size = 9275470, upload-time = "2025-11-18T21:55:04.23Z" },
    { url = "https://files.pythonhosted.org/packages/37/44/e2c9acecac70bf06fb41de285e7be2433c2c9828f71e3bf0e886fc85c4fd/ty-0.0.1a27-py3-none-musllinux_1_2_x86_64.whl", hash = "sha256:355f651d0cdb85535a82bd9f0583f77b28e3fd7bba7b7da33dcee5a576eff28b", size = 9592394, upload-time = "2025-11-18T21:55:06.542Z" },
    { url = "https://files.pythonhosted.org/packages/ee/a7/4636369731b24ed07c2b4c7805b8d990283d677180662c532d82e4ef1a36/ty-0.0.1a27-py3-none-win32.whl", hash = "sha256:61782e5f40e6df622093847b34c366634b75d53f839986f1bf4481672ad6cb55", size = 8783816, upload-time = "2025-11-18T21:55:09.648Z" },
    { url = "https://files.pythonhosted.org/packages/a7/1d/b76487725628d9e81d9047dc0033a5e167e0d10f27893d04de67fe1a9763/ty-0.0.1a27-py3-none-win_amd64.whl", hash = "sha256:c682b238085d3191acddcf66ef22641562946b1bba2a7f316012d5b2a2f4de11", size = 9616833, upload-time = "2025-11-18T21:55:12.457Z" },
    { url = "https://files.pythonhosted.org/packages/3a/db/c7cd5276c8f336a3cf87992b75ba9d486a7cf54e753fcd42495b3bc56fb7/ty-0.0.1a27-py3-none-win_arm64.whl", hash = "sha256:e146dfa32cbb0ac6afb0cb65659e87e4e313715e68d76fe5ae0a4b3d5b912ce8", size = 9137796, upload-time = "2025-11-18T21:55:15.897Z" },
]
